
Microsoft Visual Studio Solution File, Format Version 12.00
# Visual Studio Version 17
VisualStudioVersion = 17.9.34902.65
MinimumVisualStudioVersion = 10.0.40219.1
Project("{FAE04EC0-301F-11D3-BF4B-00C04F79EFBC}") = "multiArray", "multiArray\multiArray.csproj", "{49D1554A-7FC5-4795-8CD1-C7FE2B3C7F27}"
EndProject
Global
	GlobalSection(SolutionConfigurationPlatforms) = preSolution
		Debug|Any CPU = Debug|Any CPU
		Release|Any CPU = Release|Any CPU
	EndGlobalSection
	GlobalSection(ProjectConfigurationPlatforms) = postSolution
		{49D1554A-7FC5-4795-8CD1-C7FE2B3C7F27}.Debug|Any CPU.ActiveCfg = Debug|Any CPU
		{49D1554A-7FC5-4795-8CD1-C7FE2B3C7F27}.Debug|Any CPU.Build.0 = Debug|Any CPU
		{49D1554A-7FC5-4795-8CD1-C7FE2B3C7F27}.Release|Any CPU.ActiveCfg = Release|Any CPU
		{49D1554A-7FC5-4795-8CD1-C7FE2B3C7F27}.Release|Any CPU.Build.0 = Release|Any CPU
	EndGlobalSection
	GlobalSection(SolutionProperties) = preSolution
		HideSolutionNode = FALSE
	EndGlobalSection
	GlobalSection(ExtensibilityGlobals) = postSolution
		SolutionGuid = {98A40FE9-648C-4CDD-AB48-8299F56194CA}
	EndGlobalSection
EndGlobal
